
Microsoft Visual Studio Solution File, Format Version 12.00
# Visual Studio Version 16
VisualStudioVersion = 16.0.31410.357
MinimumVisualStudioVersion = 10.0.40219.1
Project("{FAE04EC0-301F-11D3-BF4B-00C04F79EFBC}") = "GraphQlProject", "GraphQlProject\GraphQlProject.csproj", "{1FEB9915-73FE-447D-9E42-E79DA8A0E58A}"
EndProject
Global
	GlobalSection(SolutionConfigurationPlatforms) = preSolution
		Debug|Any CPU = Debug|Any CPU
		Release|Any CPU = Release|Any CPU
	EndGlobalSection
	GlobalSection(ProjectConfigurationPlatforms) = postSolution
		{1FEB9915-73FE-447D-9E42-E79DA8A0E58A}.Debug|Any CPU.ActiveCfg = Debug|Any CPU
		{1FEB9915-73FE-447D-9E42-E79DA8A0E58A}.Debug|Any CPU.Build.0 = Debug|Any CPU
		{1FEB9915-73FE-447D-9E42-E79DA8A0E58A}.Release|Any CPU.ActiveCfg = Release|Any CPU
		{1FEB9915-73FE-447D-9E42-E79DA8A0E58A}.Release|Any CPU.Build.0 = Release|Any CPU
	EndGlobalSection
	GlobalSection(SolutionProperties) = preSolution
		HideSolutionNode = FALSE
	EndGlobalSection
	GlobalSection(ExtensibilityGlobals) = postSolution
		SolutionGuid = {BC5F0B77-2CED-4060-B0F3-8F9D8399D8FD}
	EndGlobalSection
EndGlobal
